{
  "name": "game",
  "version": "1.0.0",
  "lockfileVersion": 1,
  "requires": true,
  "dependencies": {
    "@types/node": {
      "version": "10.3.3",
      "resolved": "https://registry.npmjs.org/@types/node/-/node-10.3.3.tgz",
      "integrity": "sha512-/gwCgiI2e9RzzZTKbl+am3vgNqOt7a9fJ/uxv4SqYKxenoEDNVU3KZEadlpusWhQI0A0dOrZ0T68JYKVjzmgdQ=="
    },
    "eventemitter2": {
      "version": "4.1.2",
      "resolved": "https://registry.npmjs.org/eventemitter2/-/eventemitter2-4.1.2.tgz",
      "integrity": "sha1-DhqEd6+CGm7zmVsxG/dMI6UkfxU="
    },
    "js-actor": {
      "version": "1.1.1",
      "resolved": "https://registry.npmjs.org/js-actor/-/js-actor-1.1.1.tgz",
      "integrity": "sha512-oVLzCqLQTo1HxsR+rXm7XW/vRDUfrtJ7zddqL4mzUcAFZUSyjl+WFd66VjZPNTzvwfDufddBYSDibMumpV44+w==",
      "requires": {
        "eventemitter2": "4.1.2",
        "shortid": "2.2.8"
      }
    },
    "shortid": {
      "version": "2.2.8",
      "resolved": "https://registry.npmjs.org/shortid/-/shortid-2.2.8.tgz",
      "integrity": "sha1-AzsRfWoul1gE9vCWnb59PQs1UTE="
    },
    "typescript": {
      "version": "2.9.2",
      "resolved": "https://registry.npmjs.org/typescript/-/typescript-2.9.2.tgz",
      "integrity": "sha512-Gr4p6nFNaoufRIY4NMdpQRNmgxVIGMs4Fcu/ujdYk3nAZqk7supzBE9idmvfZIlH/Cuj//dvi+019qEue9lV0w==",
      "dev": true
    }
  }
}
